Microsoft Visual Studio Solution File, Format Version 11.00
# Visual Studio 2008

Project("{A88F0DD6-ED90-5C2B-4813-CE700506A1D8}") = "MouseJump", "Assembly-CSharp.csproj", "{99877872-5525-5A70-50A6-7E9596740F35}"
EndProject
Global
	GlobalSection(SolutionConfigurationPlatforms) = preSolution
		Debug|Any CPU = Debug|Any CPU
		Release|Any CPU = Release|Any CPU
	EndGlobalSection
	GlobalSection(ProjectConfigurationPlatforms) = postSolution
		{99877872-5525-5A70-50A6-7E9596740F35}.Debug|Any CPU.ActiveCfg = Debug|Any CPU
		{99877872-5525-5A70-50A6-7E9596740F35}.Debug|Any CPU.Build.0 = Debug|Any CPU
		{99877872-5525-5A70-50A6-7E9596740F35}.Release|Any CPU.ActiveCfg = Release|Any CPU
		{99877872-5525-5A70-50A6-7E9596740F35}.Release|Any CPU.Build.0 = Release|Any CPU
	EndGlobalSection
	GlobalSection(SolutionProperties) = preSolution
		HideSolutionNode = FALSE
	EndGlobalSection
	GlobalSection(MonoDevelopProperties) = preSolution
		StartupItem = Assembly-CSharp.csproj
	EndGlobalSection
EndGlobal
