
Microsoft Visual Studio Solution File, Format Version 12.00
# Visual Studio 2015
Project("{FAE04EC0-301F-11D3-BF4B-00C04F79EFBC}") = "Legend_of_Harambe.CSharp", "Legend_of_Harambe.CSharp.csproj", "{FDCEA784-6010-A111-39F8-FDF686E8CD94}"
EndProject
Global
	GlobalSection(SolutionConfigurationPlatforms) = preSolution
		Debug|Any CPU = Debug|Any CPU
		Release|Any CPU = Release|Any CPU
	EndGlobalSection
	GlobalSection(ProjectConfigurationPlatforms) = postSolution
		{FDCEA784-6010-A111-39F8-FDF686E8CD94}.Debug|Any CPU.ActiveCfg = Debug|Any CPU
		{FDCEA784-6010-A111-39F8-FDF686E8CD94}.Debug|Any CPU.Build.0 = Debug|Any CPU
		{FDCEA784-6010-A111-39F8-FDF686E8CD94}.Release|Any CPU.ActiveCfg = Release|Any CPU
		{FDCEA784-6010-A111-39F8-FDF686E8CD94}.Release|Any CPU.Build.0 = Release|Any CPU
	EndGlobalSection
	GlobalSection(SolutionProperties) = preSolution
		HideSolutionNode = FALSE
	EndGlobalSection
EndGlobal
