Microsoft Visual Studio Solution File, Format Version 11.00
# Visual Studio 2008

Project("{C210A67A-0945-4496-E4F8-8A9F9DB1F1E9}") = "Legend_of_Harambe", "Assembly-CSharp.csproj", "{C289C547-8BF6-7979-09BD-C29FCB56FA81}"
EndProject
Global
	GlobalSection(SolutionConfigurationPlatforms) = preSolution
		Debug|Any CPU = Debug|Any CPU
		Release|Any CPU = Release|Any CPU
	EndGlobalSection
	GlobalSection(ProjectConfigurationPlatforms) = postSolution
		{C289C547-8BF6-7979-09BD-C29FCB56FA81}.Debug|Any CPU.ActiveCfg = Debug|Any CPU
		{C289C547-8BF6-7979-09BD-C29FCB56FA81}.Debug|Any CPU.Build.0 = Debug|Any CPU
		{C289C547-8BF6-7979-09BD-C29FCB56FA81}.Release|Any CPU.ActiveCfg = Release|Any CPU
		{C289C547-8BF6-7979-09BD-C29FCB56FA81}.Release|Any CPU.Build.0 = Release|Any CPU
	EndGlobalSection
	GlobalSection(SolutionProperties) = preSolution
		HideSolutionNode = FALSE
	EndGlobalSection
	GlobalSection(MonoDevelopProperties) = preSolution
		StartupItem = Assembly-CSharp.csproj
	EndGlobalSection
EndGlobal
